{
    "_meta": {
        "hash": {
            "sha256": "f1fee2f4f5144e7ff490ec5d1e51a57d474f8392e60488a9cc708cb3ca373972"
        },
        "pipfile-spec": 6,
        "requires": {
            "python_version": "3.6"
        },
        "sources": [
            {
                "name": "pypi",
                "url": "https://pypi.org/simple",
                "verify_ssl": true
            }
        ]
    },
    "default": {
        "docopt": {
            "hashes": [
                "sha256:49b3a825280bd66b3aa83585ef59c4a8c82f2c8a522dbe754a8bc8d08c85c491"
            ],
            "version": "==0.6.2"
        },
        "num2words": {
            "hashes": [
                "sha256:0b6e5f53f11d3005787e206d9c03382f459ef048a43c544e3db3b1e05a961548",
                "sha256:37cd4f60678f7e1045cdc3adf6acf93c8b41bf732da860f97d301f04e611cc57"
            ],
            "index": "pypi",
            "version": "==0.5.10"
        }
    },
    "develop": {}
}
